
Microsoft Visual Studio Solution File, Format Version 12.00
Project("{FAE04EC0-301F-11D3-BF4B-00C04F79EFBC}") = "WSIST.Engine", "WSIST.Engine\WSIST.Engine.csproj", "{F5CAE8EE-5044-4CBC-B777-71CFFA18EEB3}"
EndProject
Project("{FAE04EC0-301F-11D3-BF4B-00C04F79EFBC}") = "WSIST.Web", "WSIST.Web\WSIST.Web.csproj", "{BE9385DD-9512-49B3-B96D-99177F41F7E9}"
EndProject
Global
	GlobalSection(SolutionConfigurationPlatforms) = preSolution
		Debug|Any CPU = Debug|Any CPU
		Release|Any CPU = Release|Any CPU
	EndGlobalSection
	GlobalSection(ProjectConfigurationPlatforms) = postSolution
		{F5CAE8EE-5044-4CBC-B777-71CFFA18EEB3}.Debug|Any CPU.ActiveCfg = Debug|Any CPU
		{F5CAE8EE-5044-4CBC-B777-71CFFA18EEB3}.Debug|Any CPU.Build.0 = Debug|Any CPU
		{F5CAE8EE-5044-4CBC-B777-71CFFA18EEB3}.Release|Any CPU.ActiveCfg = Release|Any CPU
		{F5CAE8EE-5044-4CBC-B777-71CFFA18EEB3}.Release|Any CPU.Build.0 = Release|Any CPU
		{BE9385DD-9512-49B3-B96D-99177F41F7E9}.Debug|Any CPU.ActiveCfg = Debug|Any CPU
		{BE9385DD-9512-49B3-B96D-99177F41F7E9}.Debug|Any CPU.Build.0 = Debug|Any CPU
		{BE9385DD-9512-49B3-B96D-99177F41F7E9}.Release|Any CPU.ActiveCfg = Release|Any CPU
		{BE9385DD-9512-49B3-B96D-99177F41F7E9}.Release|Any CPU.Build.0 = Release|Any CPU
	EndGlobalSection
EndGlobal
